<?xml version="1.0" encoding="utf-8"?>
<Project ToolsVersion="4.0" xmlns="http://schemas.microsoft.com/developer/msbuild/2003">
  <ItemGroup>
    <Filter Include="Executable">
      <UniqueIdentifier>{f6725216-ae34-4d6e-8b5c-6d505f513742}</UniqueIdentifier>
    </Filter>
    <Filter Include="Headlines">
      <UniqueIdentifier>{fb197896-716c-4cf9-bf3e-09b7f79c45f9}</UniqueIdentifier>
    </Filter>
  </ItemGroup>
  <ItemGroup>
    <ClCompile Include="Executable\launcher.cpp">
      <Filter>Executable</Filter>
    </ClCompile>
    <ClCompile Include="Executable\main.cpp">
      <Filter>Executable</Filter>
    </ClCompile>
  </ItemGroup>
  <ItemGroup>
    <ClInclude Include="Headlines\launcher.h">
      <Filter>Headlines</Filter>
    </ClInclude>
  </ItemGroup>
</Project>